
Microsoft Visual Studio Solution File, Format Version 12.00
# Visual Studio Version 17
VisualStudioVersion = 17.3.32901.215
MinimumVisualStudioVersion = 10.0.40219.1
Project("{FAE04EC0-301F-11D3-BF4B-00C04F79EFBC}") = "buton tıklama 1 _1359", "buton tıklama 1 _1359\buton tıklama 1 _1359.csproj", "{58457F6F-F46B-41AA-BF0C-9769C4AE913C}"
EndProject
Global
	GlobalSection(SolutionConfigurationPlatforms) = preSolution
		Debug|Any CPU = Debug|Any CPU
		Release|Any CPU = Release|Any CPU
	EndGlobalSection
	GlobalSection(ProjectConfigurationPlatforms) = postSolution
		{58457F6F-F46B-41AA-BF0C-9769C4AE913C}.Debug|Any CPU.ActiveCfg = Debug|Any CPU
		{58457F6F-F46B-41AA-BF0C-9769C4AE913C}.Debug|Any CPU.Build.0 = Debug|Any CPU
		{58457F6F-F46B-41AA-BF0C-9769C4AE913C}.Release|Any CPU.ActiveCfg = Release|Any CPU
		{58457F6F-F46B-41AA-BF0C-9769C4AE913C}.Release|Any CPU.Build.0 = Release|Any CPU
	EndGlobalSection
	GlobalSection(SolutionProperties) = preSolution
		HideSolutionNode = FALSE
	EndGlobalSection
	GlobalSection(ExtensibilityGlobals) = postSolution
		SolutionGuid = {13A9AD08-F85E-4F36-9665-B023FEF7475E}
	EndGlobalSection
EndGlobal
